
Microsoft Visual Studio Solution File, Format Version 12.00
# Visual Studio Version 17
VisualStudioVersion = 17.14.36221.1 d17.14
MinimumVisualStudioVersion = 10.0.40219.1
Project("{FAE04EC0-301F-11D3-BF4B-00C04F79EFBC}") = "ConsoleApp1", "ConsoleApp1.csproj", "{88354D23-9E4A-4F3F-8E09-C85F360AD427}"
EndProject
Global
	GlobalSection(SolutionConfigurationPlatforms) = preSolution
		Debug|Any CPU = Debug|Any CPU
		Release|Any CPU = Release|Any CPU
	EndGlobalSection
	GlobalSection(ProjectConfigurationPlatforms) = postSolution
		{88354D23-9E4A-4F3F-8E09-C85F360AD427}.Debug|Any CPU.ActiveCfg = Debug|Any CPU
		{88354D23-9E4A-4F3F-8E09-C85F360AD427}.Debug|Any CPU.Build.0 = Debug|Any CPU
		{88354D23-9E4A-4F3F-8E09-C85F360AD427}.Release|Any CPU.ActiveCfg = Release|Any CPU
		{88354D23-9E4A-4F3F-8E09-C85F360AD427}.Release|Any CPU.Build.0 = Release|Any CPU
	EndGlobalSection
	GlobalSection(SolutionProperties) = preSolution
		HideSolutionNode = FALSE
	EndGlobalSection
	GlobalSection(ExtensibilityGlobals) = postSolution
		SolutionGuid = {EFB08C58-0B06-425F-BA58-DC3FC648F67F}
	EndGlobalSection
EndGlobal
